
Microsoft Visual Studio Solution File, Format Version 12.00
# Visual Studio Version 16
VisualStudioVersion = 16.0.29709.97
MinimumVisualStudioVersion = 10.0.40219.1
Project("{FAE04EC0-301F-11D3-BF4B-00C04F79EFBC}") = "Fornecedor.API", "Fornecedor\Fornecedor.API.csproj", "{3C04C5A3-3492-4A65-9766-FE1440365319}"
EndProject
Project("{FAE04EC0-301F-11D3-BF4B-00C04F79EFBC}") = "Fornecedor.DAL", "Fornecedor.DAL\Fornecedor.DAL.csproj", "{7219049A-E23A-4B4C-869A-4E826CFC2D18}"
EndProject
Project("{FAE04EC0-301F-11D3-BF4B-00C04F79EFBC}") = "Fornecedor.Service", "Fornecedor.Service\Fornecedor.Service.csproj", "{5CB7AA61-4E81-431F-981F-8ECBBB286071}"
EndProject
Global
	GlobalSection(SolutionConfigurationPlatforms) = preSolution
		Debug|Any CPU = Debug|Any CPU
		Release|Any CPU = Release|Any CPU
	EndGlobalSection
	GlobalSection(ProjectConfigurationPlatforms) = postSolution
		{3C04C5A3-3492-4A65-9766-FE1440365319}.Debug|Any CPU.ActiveCfg = Debug|Any CPU
		{3C04C5A3-3492-4A65-9766-FE1440365319}.Debug|Any CPU.Build.0 = Debug|Any CPU
		{3C04C5A3-3492-4A65-9766-FE1440365319}.Release|Any CPU.ActiveCfg = Release|Any CPU
		{3C04C5A3-3492-4A65-9766-FE1440365319}.Release|Any CPU.Build.0 = Release|Any CPU
		{7219049A-E23A-4B4C-869A-4E826CFC2D18}.Debug|Any CPU.ActiveCfg = Debug|Any CPU
		{7219049A-E23A-4B4C-869A-4E826CFC2D18}.Debug|Any CPU.Build.0 = Debug|Any CPU
		{7219049A-E23A-4B4C-869A-4E826CFC2D18}.Release|Any CPU.ActiveCfg = Release|Any CPU
		{7219049A-E23A-4B4C-869A-4E826CFC2D18}.Release|Any CPU.Build.0 = Release|Any CPU
		{5CB7AA61-4E81-431F-981F-8ECBBB286071}.Debug|Any CPU.ActiveCfg = Debug|Any CPU
		{5CB7AA61-4E81-431F-981F-8ECBBB286071}.Debug|Any CPU.Build.0 = Debug|Any CPU
		{5CB7AA61-4E81-431F-981F-8ECBBB286071}.Release|Any CPU.ActiveCfg = Release|Any CPU
		{5CB7AA61-4E81-431F-981F-8ECBBB286071}.Release|Any CPU.Build.0 = Release|Any CPU
	EndGlobalSection
	GlobalSection(SolutionProperties) = preSolution
		HideSolutionNode = FALSE
	EndGlobalSection
	GlobalSection(ExtensibilityGlobals) = postSolution
		SolutionGuid = {DA0A9722-3322-4BA4-9146-3586ECB7F759}
	EndGlobalSection
EndGlobal
